// !$*UTF8*$!
{
	archiveVersion = 1;
	classes = {
	};
	objectVersion = 48;
	objects = {

/* Begin PBXBuildFile section */
		512D15301FFDBC350024D591 /* AppDelegate.swift in Sources */ = {isa = PBXBuildFile; fileRef = 512D152F1FFDBC350024D591 /* AppDelegate.swift */; };
		512D15321FFDBC350024D591 /* ViewController.swift in Sources */ = {isa = PBXBuildFile; fileRef = 512D15311FFDBC350024D591 /* ViewController.swift */; };
		512D15351FFDBC350024D591 /* Main.storyboard in Resources */ = {isa = PBXBuildFile; fileRef = 512D15331FFDBC350024D591 /* Main.storyboard */; };
		512D15371FFDBC350024D591 /* Assets.xcassets in Resources */ = {isa = PBXBuildFile; fileRef = 512D15361FFDBC350024D591 /* Assets.xcassets */; };
		512D153A1FFDBC350024D591 /* LaunchScreen.storyboard in Resources */ = {isa = PBXBuildFile; fileRef = 512D15381FFDBC350024D591 /* LaunchScreen.storyboard */; };
		512D15421FFF09C00024D591 /* PhotoInfo.swift in Sources */ = {isa = PBXBuildFile; fileRef = 512D15411FFF09C00024D591 /* PhotoInfo.swift */; };
		512D154620013F630024D591 /* PhotoInfoController.swift in Sources */ = {isa = PBXBuildFile; fileRef = 512D154520013F630024D591 /* PhotoInfoController.swift */; };
		F850C20282414368A7AE7AC5 /* Pods_UnsplashAPI.framework in Frameworks */ = {isa = PBXBuildFile; fileRef = B98224AF90688BD349716F34 /* Pods_UnsplashAPI.framework */; };
/* End PBXBuildFile section */

/* Begin PBXFileReference section */
		512D152C1FFDBC350024D591 /* UnsplashAPI.app */ = {isa = PBXFileReference; explicitFileType = wrapper.application; includeInIndex = 0; path = UnsplashAPI.app; sourceTree = BUILT_PRODUCTS_DIR; };
		512D152F1FFDBC350024D591 /* AppDelegate.swift */ = {isa = PBXFileReference; lastKnownFileType = sourcecode.swift; path = AppDelegate.swift; sourceTree = "<group>"; };
		512D15311FFDBC350024D591 /* ViewController.swift */ = {isa = PBXFileReference; lastKnownFileType = sourcecode.swift; path = ViewController.swift; sourceTree = "<group>"; };
		512D15341FFDBC350024D591 /* Base */ = {isa = PBXFileReference; lastKnownFileType = file.storyboard; name = Base; path = Base.lproj/Main.storyboard; sourceTree = "<group>"; };
		512D15361FFDBC350024D591 /* Assets.xcassets */ = {isa = PBXFileReference; lastKnownFileType = folder.assetcatalog; path = Assets.xcassets; sourceTree = "<group>"; };
		512D15391FFDBC350024D591 /* Base */ = {isa = PBXFileReference; lastKnownFileType = file.storyboard; name = Base; path = Base.lproj/LaunchScreen.storyboard; sourceTree = "<group>"; };
		512D153B1FFDBC350024D591 /* Info.plist */ = {isa = PBXFileReference; lastKnownFileType = text.plist.xml; path = Info.plist; sourceTree = "<group>"; };
		512D15411FFF09C00024D591 /* PhotoInfo.swift */ = {isa = PBXFileReference; lastKnownFileType = sourcecode.swift; path = PhotoInfo.swift; sourceTree = "<group>"; };
		512D154520013F630024D591 /* PhotoInfoController.swift */ = {isa = PBXFileReference; lastKnownFileType = sourcecode.swift; path = PhotoInfoController.swift; sourceTree = "<group>"; };
		9A48692767F495ADAB219816 /* Pods-UnsplashAPI.release.xcconfig */ = {isa = PBXFileReference; includeInIndex = 1; lastKnownFileType = text.xcconfig; name = "Pods-UnsplashAPI.release.xcconfig"; path = "Pods/Target Support Files/Pods-UnsplashAPI/Pods-UnsplashAPI.release.xcconfig"; sourceTree = "<group>"; };
		A5A8F37C73036A97E8803DEB /* Pods-UnsplashAPI.debug.xcconfig */ = {isa = PBXFileReference; includeInIndex = 1; lastKnownFileType = text.xcconfig; name = "Pods-UnsplashAPI.debug.xcconfig"; path = "Pods/Target Support Files/Pods-UnsplashAPI/Pods-UnsplashAPI.debug.xcconfig"; sourceTree = "<group>"; };
		B98224AF90688BD349716F34 /* Pods_UnsplashAPI.framework */ = {isa = PBXFileReference; explicitFileType = wrapper.framework; includeInIndex = 0; path = Pods_UnsplashAPI.framework; sourceTree = BUILT_PRODUCTS_DIR; };
/* End PBXFileReference section */

/* Begin PBXFrameworksBuildPhase section */
		512D15291FFDBC350024D591 /* Frameworks */ = {
			isa = PBXFrameworksBuildPhase;
			buildActionMask = 2147483647;
			files = (
				F850C20282414368A7AE7AC5 /* Pods_UnsplashAPI.framework in Frameworks */,
			);
			runOnlyForDeploymentPostprocessing = 0;
		};
/* End PBXFrameworksBuildPhase section */

/* Begin PBXGroup section */
		512D15231FFDBC350024D591 = {
			isa = PBXGroup;
			children = (
				512D152E1FFDBC350024D591 /* UnsplashAPI */,
				512D152D1FFDBC350024D591 /* Products */,
				D5566D3C66CE565A9EE8E2C6 /* Pods */,
				EDE647F0526C98C25F8A55BD /* Frameworks */,
			);
			sourceTree = "<group>";
		};
		512D152D1FFDBC350024D591 /* Products */ = {
			isa = PBXGroup;
			children = (
				512D152C1FFDBC350024D591 /* UnsplashAPI.app */,
			);
			name = Products;
			sourceTree = "<group>";
		};
		512D152E1FFDBC350024D591 /* UnsplashAPI */ = {
			isa = PBXGroup;
			children = (
				512D152F1FFDBC350024D591 /* AppDelegate.swift */,
				512D15311FFDBC350024D591 /* ViewController.swift */,
				512D15411FFF09C00024D591 /* PhotoInfo.swift */,
				512D154520013F630024D591 /* PhotoInfoController.swift */,
				512D15331FFDBC350024D591 /* Main.storyboard */,
				512D15361FFDBC350024D591 /* Assets.xcassets */,
				512D15381FFDBC350024D591 /* LaunchScreen.storyboard */,
				512D153B1FFDBC350024D591 /* Info.plist */,
			);
			path = UnsplashAPI;
			sourceTree = "<group>";
		};
		D5566D3C66CE565A9EE8E2C6 /* Pods */ = {
			isa = PBXGroup;
			children = (
				A5A8F37C73036A97E8803DEB /* Pods-UnsplashAPI.debug.xcconfig */,
				9A48692767F495ADAB219816 /* Pods-UnsplashAPI.release.xcconfig */,
			);
			name = Pods;
			sourceTree = "<group>";
		};
		EDE647F0526C98C25F8A55BD /* Frameworks */ = {
			isa = PBXGroup;
			children = (
				B98224AF90688BD349716F34 /* Pods_UnsplashAPI.framework */,
			);
			name = Frameworks;
			sourceTree = "<group>";
		};
/* End PBXGroup section */

/* Begin PBXNativeTarget section */
		512D152B1FFDBC350024D591 /* UnsplashAPI */ = {
			isa = PBXNativeTarget;
			buildConfigurationList = 512D153E1FFDBC350024D591 /* Build configuration list for PBXNativeTarget "UnsplashAPI" */;
			buildPhases = (
				95EA3C19B1732AA59A62C02F /* [CP] Check Pods Manifest.lock */,
				512D15281FFDBC350024D591 /* Sources */,
				512D15291FFDBC350024D591 /* Frameworks */,
				512D152A1FFDBC350024D591 /* Resources */,
				B8C7D0B780CB45801DC1CE73 /* [CP] Embed Pods Frameworks */,
				27C14A1D5705A635357D633C /* [CP] Copy Pods Resources */,
			);
			buildRules = (
			);
			dependencies = (
			);
			name = UnsplashAPI;
			productName = UnsplashAPI;
			productReference = 512D152C1FFDBC350024D591 /* UnsplashAPI.app */;
			productType = "com.apple.product-type.application";
		};
/* End PBXNativeTarget section */

/* Begin PBXProject section */
		512D15241FFDBC350024D591 /* Project object */ = {
			isa = PBXProject;
			attributes = {
				LastSwiftUpdateCheck = 0920;
				LastUpgradeCheck = 0920;
				ORGANIZATIONNAME = BearStacks;
				TargetAttributes = {
					512D152B1FFDBC350024D591 = {
						CreatedOnToolsVersion = 9.2;
						ProvisioningStyle = Automatic;
					};
				};
			};
			buildConfigurationList = 512D15271FFDBC350024D591 /* Build configuration list for PBXProject "UnsplashAPI" */;
			compatibilityVersion = "Xcode 8.0";
			developmentRegion = en;
			hasScannedForEncodings = 0;
			knownRegions = (
				en,
				Base,
			);
			mainGroup = 512D15231FFDBC350024D591;
			productRefGroup = 512D152D1FFDBC350024D591 /* Products */;
			projectDirPath = "";
			projectRoot = "";
			targets = (
				512D152B1FFDBC350024D591 /* UnsplashAPI */,
			);
		};
/* End PBXProject section */

/* Begin PBXResourcesBuildPhase section */
		512D152A1FFDBC350024D591 /* Resources */ = {
			isa = PBXResourcesBuildPhase;
			buildActionMask = 2147483647;
			files = (
				512D153A1FFDBC350024D591 /* LaunchScreen.storyboard in Resources */,
				512D15371FFDBC350024D591 /* Assets.xcassets in Resources */,
				512D15351FFDBC350024D591 /* Main.storyboard in Resources */,
			);
			runOnlyForDeploymentPostprocessing = 0;
		};
/* End PBXResourcesBuildPhase section */

/* Begin PBXShellScriptBuildPhase section */
		27C14A1D5705A635357D633C /* [CP] Copy Pods Resources */ = {
			isa = PBXShellScriptBuildPhase;
			buildActionMask = 2147483647;
			files = (
			);
			inputPaths = (
			);
			name = "[CP] Copy Pods Resources";
			outputPaths = (
			);
			runOnlyForDeploymentPostprocessing = 0;
			shellPath = /bin/sh;
			shellScript = "\"${SRCROOT}/Pods/Target Support Files/Pods-UnsplashAPI/Pods-UnsplashAPI-resources.sh\"\n";
			showEnvVarsInLog = 0;
		};
		95EA3C19B1732AA59A62C02F /* [CP] Check Pods Manifest.lock */ = {
			isa = PBXShellScriptBuildPhase;
			buildActionMask = 2147483647;
			files = (
			);
			inputPaths = (
				"${PODS_PODFILE_DIR_PATH}/Podfile.lock",
				"${PODS_ROOT}/Manifest.lock",
			);
			name = "[CP] Check Pods Manifest.lock";
			outputPaths = (
				"$(DERIVED_FILE_DIR)/Pods-UnsplashAPI-checkManifestLockResult.txt",
			);
			runOnlyForDeploymentPostprocessing = 0;
			shellPath = /bin/sh;
			shellScript = "diff \"${PODS_PODFILE_DIR_PATH}/Podfile.lock\" \"${PODS_ROOT}/Manifest.lock\" > /dev/null\nif [ $? != 0 ] ; then\n    # print error to STDERR\n    echo \"error: The sandbox is not in sync with the Podfile.lock. Run 'pod install' or update your CocoaPods installation.\" >&2\n    exit 1\nfi\n# This output is used by Xcode 'outputs' to avoid re-running this script phase.\necho \"SUCCESS\" > \"${SCRIPT_OUTPUT_FILE_0}\"\n";
			showEnvVarsInLog = 0;
		};
		B8C7D0B780CB45801DC1CE73 /* [CP] Embed Pods Frameworks */ = {
			isa = PBXShellScriptBuildPhase;
			buildActionMask = 2147483647;
			files = (
			);
			inputPaths = (
				"${SRCROOT}/Pods/Target Support Files/Pods-UnsplashAPI/Pods-UnsplashAPI-frameworks.sh",
				"${BUILT_PRODUCTS_DIR}/SwiftyJSON/SwiftyJSON.framework",
			);
			name = "[CP] Embed Pods Frameworks";
			outputPaths = (
				"${TARGET_BUILD_DIR}/${FRAMEWORKS_FOLDER_PATH}/SwiftyJSON.framework",
			);
			runOnlyForDeploymentPostprocessing = 0;
			shellPath = /bin/sh;
			shellScript = "\"${SRCROOT}/Pods/Target Support Files/Pods-UnsplashAPI/Pods-UnsplashAPI-frameworks.sh\"\n";
			showEnvVarsInLog = 0;
		};
/* End PBXShellScriptBuildPhase section */

/* Begin PBXSourcesBuildPhase section */
		512D15281FFDBC350024D591 /* Sources */ = {
			isa = PBXSourcesBuildPhase;
			buildActionMask = 2147483647;
			files = (
				512D15421FFF09C00024D591 /* PhotoInfo.swift in Sources */,
				512D15321FFDBC350024D591 /* ViewController.swift in Sources */,
				512D154620013F630024D591 /* PhotoInfoController.swift in Sources */,
				512D15301FFDBC350024D591 /* AppDelegate.swift in Sources */,
			);
			runOnlyForDeploymentPostprocessing = 0;
		};
/* End PBXSourcesBuildPhase section */

/* Begin PBXVariantGroup section */
		512D15331FFDBC350024D591 /* Main.storyboard */ = {
			isa = PBXVariantGroup;
			children = (
				512D15341FFDBC350024D591 /* Base */,
			);
			name = Main.storyboard;
			sourceTree = "<group>";
		};
		512D15381FFDBC350024D591 /* LaunchScreen.storyboard */ = {
			isa = PBXVariantGroup;
			children = (
				512D15391FFDBC350024D591 /* Base */,
			);
			name = LaunchScreen.storyboard;
			sourceTree = "<group>";
		};
/* End PBXVariantGroup section */

/* Begin XCBuildConfiguration section */
		512D153C1FFDBC350024D591 /* Debug */ = {
			isa = XCBuildConfiguration;
			buildSettings = {
				ALWAYS_SEARCH_USER_PATHS = NO;
				CLANG_ANALYZER_NONNULL = YES;
				CLANG_ANALYZER_NUMBER_OBJECT_CONVERSION = YES_AGGRESSIVE;
				CLANG_CXX_LANGUAGE_STANDARD = "gnu++14";
				CLANG_CXX_LIBRARY = "libc++";
				CLANG_ENABLE_MODULES = YES;
				CLANG_ENABLE_OBJC_ARC = YES;
				CLANG_WARN_BLOCK_CAPTURE_AUTORELEASING = YES;
				CLANG_WARN_BOOL_CONVERSION = YES;
				CLANG_WARN_COMMA = YES;
				CLANG_WARN_CONSTANT_CONVERSION = YES;
				CLANG_WARN_DIRECT_OBJC_ISA_USAGE = YES_ERROR;
				CLANG_WARN_DOCUMENTATION_COMMENTS = YES;
				CLANG_WARN_EMPTY_BODY = YES;
				CLANG_WARN_ENUM_CONVERSION = YES;
				CLANG_WARN_INFINITE_RECURSION = YES;
				CLANG_WARN_INT_CONVERSION = YES;
				CLANG_WARN_NON_LITERAL_NULL_CONVERSION = YES;
				CLANG_WARN_OBJC_LITERAL_CONVERSION = YES;
				CLANG_WARN_OBJC_ROOT_CLASS = YES_ERROR;
				CLANG_WARN_RANGE_LOOP_ANALYSIS = YES;
				CLANG_WARN_STRICT_PROTOTYPES = YES;
				CLANG_WARN_SUSPICIOUS_MOVE = YES;
				CLANG_WARN_UNGUARDED_AVAILABILITY = YES_AGGRESSIVE;
				CLANG_WARN_UNREACHABLE_CODE = YES;
				CLANG_WARN__DUPLICATE_METHOD_MATCH = YES;
				CODE_SIGN_IDENTITY = "iPhone Developer";
				COPY_PHASE_STRIP = NO;
				DEBUG_INFORMATION_FORMAT = dwarf;
				ENABLE_STRICT_OBJC_MSGSEND = YES;
				ENABLE_TESTABILITY = YES;
				GCC_C_LANGUAGE_STANDARD = gnu11;
				GCC_DYNAMIC_NO_PIC = NO;
				GCC_NO_COMMON_BLOCKS = YES;
				GCC_OPTIMIZATION_LEVEL = 0;
				GCC_PREPROCESSOR_DEFINITIONS = (
					"DEBUG=1",
					"$(inherited)",
				);
				GCC_WARN_64_TO_32_BIT_CONVERSION = YES;
				GCC_WARN_ABOUT_RETURN_TYPE = YES_ERROR;
				GCC_WARN_UNDECLARED_SELECTOR = YES;
				GCC_WARN_UNINITIALIZED_AUTOS = YES_AGGRESSIVE;
				GCC_WARN_UNUSED_FUNCTION = YES;
				GCC_WARN_UNUSED_VARIABLE = YES;
				IPHONEOS_DEPLOYMENT_TARGET = 11.2;
				MTL_ENABLE_DEBUG_INFO = YES;
				ONLY_ACTIVE_ARCH = YES;
				SDKROOT = iphoneos;
				SWIFT_ACTIVE_COMPILATION_CONDITIONS = DEBUG;
				SWIFT_OPTIMIZATION_LEVEL = "-Onone";
			};
			name = Debug;
		};
		512D153D1FFDBC350024D591 /* Release */ = {
			isa = XCBuildConfiguration;
			buildSettings = {
				ALWAYS_SEARCH_USER_PATHS = NO;
				CLANG_ANALYZER_NONNULL = YES;
				CLANG_ANALYZER_NUMBER_OBJECT_CONVERSION = YES_AGGRESSIVE;
				CLANG_CXX_LANGUAGE_STANDARD = "gnu++14";
				CLANG_CXX_LIBRARY = "libc++";
				CLANG_ENABLE_MODULES = YES;
				CLANG_ENABLE_OBJC_ARC = YES;
				CLANG_WARN_BLOCK_CAPTURE_AUTORELEASING = YES;
				CLANG_WARN_BOOL_CONVERSION = YES;
				CLANG_WARN_COMMA = YES;
				CLANG_WARN_CONSTANT_CONVERSION = YES;
				CLANG_WARN_DIRECT_OBJC_ISA_USAGE = YES_ERROR;
				CLANG_WARN_DOCUMENTATION_COMMENTS = YES;
				CLANG_WARN_EMPTY_BODY = YES;
				CLANG_WARN_ENUM_CONVERSION = YES;
				CLANG_WARN_INFINITE_RECURSION = YES;
				CLANG_WARN_INT_CONVERSION = YES;
				CLANG_WARN_NON_LITERAL_NULL_CONVERSION = YES;
				CLANG_WARN_OBJC_LITERAL_CONVERSION = YES;
				CLANG_WARN_OBJC_ROOT_CLASS = YES_ERROR;
				CLANG_WARN_RANGE_LOOP_ANALYSIS = YES;
				CLANG_WARN_STRICT_PROTOTYPES = YES;
				CLANG_WARN_SUSPICIOUS_MOVE = YES;
				CLANG_WARN_UNGUARDED_AVAILABILITY = YES_AGGRESSIVE;
				CLANG_WARN_UNREACHABLE_CODE = YES;
				CLANG_WARN__DUPLICATE_METHOD_MATCH = YES;
				CODE_SIGN_IDENTITY = "iPhone Developer";
				COPY_PHASE_STRIP = NO;
				DEBUG_INFORMATION_FORMAT = "dwarf-with-dsym";
				ENABLE_NS_ASSERTIONS = NO;
				ENABLE_STRICT_OBJC_MSGSEND = YES;
				GCC_C_LANGUAGE_STANDARD = gnu11;
				GCC_NO_COMMON_BLOCKS = YES;
				GCC_WARN_64_TO_32_BIT_CONVERSION = YES;
				GCC_WARN_ABOUT_RETURN_TYPE = YES_ERROR;
				GCC_WARN_UNDECLARED_SELECTOR = YES;
				GCC_WARN_UNINITIALIZED_AUTOS = YES_AGGRESSIVE;
				GCC_WARN_UNUSED_FUNCTION = YES;
				GCC_WARN_UNUSED_VARIABLE = YES;
				IPHONEOS_DEPLOYMENT_TARGET = 11.2;
				MTL_ENABLE_DEBUG_INFO = NO;
				SDKROOT = iphoneos;
				SWIFT_OPTIMIZATION_LEVEL = "-Owholemodule";
				VALIDATE_PRODUCT = YES;
			};
			name = Release;
		};
		512D153F1FFDBC350024D591 /* Debug */ = {
			isa = XCBuildConfiguration;
			baseConfigurationReference = A5A8F37C73036A97E8803DEB /* Pods-UnsplashAPI.debug.xcconfig */;
			buildSettings = {
				ASSETCATALOG_COMPILER_APPICON_NAME = AppIcon;
				CODE_SIGN_STYLE = Automatic;
				DEVELOPMENT_TEAM = 4Y9B5QY5L2;
				INFOPLIST_FILE = UnsplashAPI/Info.plist;
				LD_RUNPATH_SEARCH_PATHS = "$(inherited) @executable_path/Frameworks";
				PRODUCT_BUNDLE_IDENTIFIER = bearstacks.UnsplashAPI;
				PRODUCT_NAME = "$(TARGET_NAME)";
				SWIFT_VERSION = 4.0;
				TARGETED_DEVICE_FAMILY = "1,2";
			};
			name = Debug;
		};
		512D15401FFDBC350024D591 /* Release */ = {
			isa = XCBuildConfiguration;
			baseConfigurationReference = 9A48692767F495ADAB219816 /* Pods-UnsplashAPI.release.xcconfig */;
			buildSettings = {
				ASSETCATALOG_COMPILER_APPICON_NAME = AppIcon;
				CODE_SIGN_STYLE = Automatic;
				DEVELOPMENT_TEAM = 4Y9B5QY5L2;
				INFOPLIST_FILE = UnsplashAPI/Info.plist;
				LD_RUNPATH_SEARCH_PATHS = "$(inherited) @executable_path/Frameworks";
				PRODUCT_BUNDLE_IDENTIFIER = bearstacks.UnsplashAPI;
				PRODUCT_NAME = "$(TARGET_NAME)";
				SWIFT_VERSION = 4.0;
				TARGETED_DEVICE_FAMILY = "1,2";
			};
			name = Release;
		};
/* End XCBuildConfiguration section */

/* Begin XCConfigurationList section */
		512D15271FFDBC350024D591 /* Build configuration list for PBXProject "UnsplashAPI" */ = {
			isa = XCConfigurationList;
			buildConfigurations = (
				512D153C1FFDBC350024D591 /* Debug */,
				512D153D1FFDBC350024D591 /* Release */,
			);
			defaultConfigurationIsVisible = 0;
			defaultConfigurationName = Release;
		};
		512D153E1FFDBC350024D591 /* Build configuration list for PBXNativeTarget "UnsplashAPI" */ = {
			isa = XCConfigurationList;
			buildConfigurations = (
				512D153F1FFDBC350024D591 /* Debug */,
				512D15401FFDBC350024D591 /* Release */,
			);
			defaultConfigurationIsVisible = 0;
			defaultConfigurationName = Release;
		};
/* End XCConfigurationList section */
	};
	rootObject = 512D15241FFDBC350024D591 /* Project object */;
}
